// !$*UTF8*$!
{
	archiveVersion = 1;
	classes = {
	};
	objectVersion = 50;
	objects = {

/* Begin PBXBuildFile section */
		6F6A1BB7260FE3BF00300390 /* AppDelegate.swift in Sources */ = {isa = PBXBuildFile; fileRef = 6F6A1BB6260FE3BF00300390 /* AppDelegate.swift */; };
		6F6A1BBB260FE3BF00300390 /* ViewController.swift in Sources */ = {isa = PBXBuildFile; fileRef = 6F6A1BBA260FE3BF00300390 /* ViewController.swift */; };
		6F6A1BBE260FE3BF00300390 /* Main.storyboard in Resources */ = {isa = PBXBuildFile; fileRef = 6F6A1BBC260FE3BF00300390 /* Main.storyboard */; };
		6F6A1BC0260FE3C200300390 /* Assets.xcassets in Resources */ = {isa = PBXBuildFile; fileRef = 6F6A1BBF260FE3C200300390 /* Assets.xcassets */; };
		6F6A1BC3260FE3C200300390 /* LaunchScreen.storyboard in Resources */ = {isa = PBXBuildFile; fileRef = 6F6A1BC1260FE3C200300390 /* LaunchScreen.storyboard */; };
		6F6A1BCE260FE3C200300390 /* RandomUserTests.swift in Sources */ = {isa = PBXBuildFile; fileRef = 6F6A1BCD260FE3C200300390 /* RandomUserTests.swift */; };
		6F6A1BD9260FE3C200300390 /* RandomUserUITests.swift in Sources */ = {isa = PBXBuildFile; fileRef = 6F6A1BD8260FE3C200300390 /* RandomUserUITests.swift */; };
/* End PBXBuildFile section */

/* Begin PBXContainerItemProxy section */
		6F6A1BCA260FE3C200300390 /* PBXContainerItemProxy */ = {
			isa = PBXContainerItemProxy;
			containerPortal = 6F6A1BAB260FE3BF00300390 /* Project object */;
			proxyType = 1;
			remoteGlobalIDString = 6F6A1BB2260FE3BF00300390;
			remoteInfo = RandomUser;
		};
		6F6A1BD5260FE3C200300390 /* PBXContainerItemProxy */ = {
			isa = PBXContainerItemProxy;
			containerPortal = 6F6A1BAB260FE3BF00300390 /* Project object */;
			proxyType = 1;
			remoteGlobalIDString = 6F6A1BB2260FE3BF00300390;
			remoteInfo = RandomUser;
		};
/* End PBXContainerItemProxy section */

/* Begin PBXFileReference section */
		6F6A1BB3260FE3BF00300390 /* RandomUser.app */ = {isa = PBXFileReference; explicitFileType = wrapper.application; includeInIndex = 0; path = RandomUser.app; sourceTree = BUILT_PRODUCTS_DIR; };
		6F6A1BB6260FE3BF00300390 /* AppDelegate.swift */ = {isa = PBXFileReference; lastKnownFileType = sourcecode.swift; path = AppDelegate.swift; sourceTree = "<group>"; };
		6F6A1BBA260FE3BF00300390 /* ViewController.swift */ = {isa = PBXFileReference; lastKnownFileType = sourcecode.swift; path = ViewController.swift; sourceTree = "<group>"; };
		6F6A1BBD260FE3BF00300390 /* Base */ = {isa = PBXFileReference; lastKnownFileType = file.storyboard; name = Base; path = Base.lproj/Main.storyboard; sourceTree = "<group>"; };
		6F6A1BBF260FE3C200300390 /* Assets.xcassets */ = {isa = PBXFileReference; lastKnownFileType = folder.assetcatalog; path = Assets.xcassets; sourceTree = "<group>"; };
		6F6A1BC2260FE3C200300390 /* Base */ = {isa = PBXFileReference; lastKnownFileType = file.storyboard; name = Base; path = Base.lproj/LaunchScreen.storyboard; sourceTree = "<group>"; };
		6F6A1BC4260FE3C200300390 /* Info.plist */ = {isa = PBXFileReference; lastKnownFileType = text.plist.xml; path = Info.plist; sourceTree = "<group>"; };
		6F6A1BC9260FE3C200300390 /* RandomUserTests.xctest */ = {isa = PBXFileReference; explicitFileType = wrapper.cfbundle; includeInIndex = 0; path = RandomUserTests.xctest; sourceTree = BUILT_PRODUCTS_DIR; };
		6F6A1BCD260FE3C200300390 /* RandomUserTests.swift */ = {isa = PBXFileReference; lastKnownFileType = sourcecode.swift; path = RandomUserTests.swift; sourceTree = "<group>"; };
		6F6A1BCF260FE3C200300390 /* Info.plist */ = {isa = PBXFileReference; lastKnownFileType = text.plist.xml; path = Info.plist; sourceTree = "<group>"; };
		6F6A1BD4260FE3C200300390 /* RandomUserUITests.xctest */ = {isa = PBXFileReference; explicitFileType = wrapper.cfbundle; includeInIndex = 0; path = RandomUserUITests.xctest; sourceTree = BUILT_PRODUCTS_DIR; };
		6F6A1BD8260FE3C200300390 /* RandomUserUITests.swift */ = {isa = PBXFileReference; lastKnownFileType = sourcecode.swift; path = RandomUserUITests.swift; sourceTree = "<group>"; };
		6F6A1BDA260FE3C200300390 /* Info.plist */ = {isa = PBXFileReference; lastKnownFileType = text.plist.xml; path = Info.plist; sourceTree = "<group>"; };
/* End PBXFileReference section */

/* Begin PBXFrameworksBuildPhase section */
		6F6A1BB0260FE3BF00300390 /* Frameworks */ = {
			isa = PBXFrameworksBuildPhase;
			buildActionMask = 2147483647;
			files = (
			);
			runOnlyForDeploymentPostprocessing = 0;
		};
		6F6A1BC6260FE3C200300390 /* Frameworks */ = {
			isa = PBXFrameworksBuildPhase;
			buildActionMask = 2147483647;
			files = (
			);
			runOnlyForDeploymentPostprocessing = 0;
		};
		6F6A1BD1260FE3C200300390 /* Frameworks */ = {
			isa = PBXFrameworksBuildPhase;
			buildActionMask = 2147483647;
			files = (
			);
			runOnlyForDeploymentPostprocessing = 0;
		};
/* End PBXFrameworksBuildPhase section */

/* Begin PBXGroup section */
		6F6A1BAA260FE3BF00300390 = {
			isa = PBXGroup;
			children = (
				6F6A1BB5260FE3BF00300390 /* RandomUser */,
				6F6A1BCC260FE3C200300390 /* RandomUserTests */,
				6F6A1BD7260FE3C200300390 /* RandomUserUITests */,
				6F6A1BB4260FE3BF00300390 /* Products */,
			);
			sourceTree = "<group>";
		};
		6F6A1BB4260FE3BF00300390 /* Products */ = {
			isa = PBXGroup;
			children = (
				6F6A1BB3260FE3BF00300390 /* RandomUser.app */,
				6F6A1BC9260FE3C200300390 /* RandomUserTests.xctest */,
				6F6A1BD4260FE3C200300390 /* RandomUserUITests.xctest */,
			);
			name = Products;
			sourceTree = "<group>";
		};
		6F6A1BB5260FE3BF00300390 /* RandomUser */ = {
			isa = PBXGroup;
			children = (
				6F6A1BB6260FE3BF00300390 /* AppDelegate.swift */,
				6F6A1BF7260FE72500300390 /* Extensions */,
				6F6A1BF6260FE71400300390 /* API */,
				6F6A1BF5260FE70D00300390 /* Models */,
				6F6A1BF4260FE70800300390 /* Views */,
				6F6A1BF3260FE6FD00300390 /* Controllers */,
				6F6A1BF2260FE6F500300390 /* Storyboards */,
				6F6A1BBF260FE3C200300390 /* Assets.xcassets */,
				6F6A1BC4260FE3C200300390 /* Info.plist */,
			);
			path = RandomUser;
			sourceTree = "<group>";
		};
		6F6A1BCC260FE3C200300390 /* RandomUserTests */ = {
			isa = PBXGroup;
			children = (
				6F6A1BCD260FE3C200300390 /* RandomUserTests.swift */,
				6F6A1BCF260FE3C200300390 /* Info.plist */,
			);
			path = RandomUserTests;
			sourceTree = "<group>";
		};
		6F6A1BD7260FE3C200300390 /* RandomUserUITests */ = {
			isa = PBXGroup;
			children = (
				6F6A1BD8260FE3C200300390 /* RandomUserUITests.swift */,
				6F6A1BDA260FE3C200300390 /* Info.plist */,
			);
			path = RandomUserUITests;
			sourceTree = "<group>";
		};
		6F6A1BF2260FE6F500300390 /* Storyboards */ = {
			isa = PBXGroup;
			children = (
				6F6A1BC1260FE3C200300390 /* LaunchScreen.storyboard */,
				6F6A1BBC260FE3BF00300390 /* Main.storyboard */,
			);
			path = Storyboards;
			sourceTree = "<group>";
		};
		6F6A1BF3260FE6FD00300390 /* Controllers */ = {
			isa = PBXGroup;
			children = (
				6F6A1BBA260FE3BF00300390 /* ViewController.swift */,
			);
			path = Controllers;
			sourceTree = "<group>";
		};
		6F6A1BF4260FE70800300390 /* Views */ = {
			isa = PBXGroup;
			children = (
			);
			path = Views;
			sourceTree = "<group>";
		};
		6F6A1BF5260FE70D00300390 /* Models */ = {
			isa = PBXGroup;
			children = (
			);
			path = Models;
			sourceTree = "<group>";
		};
		6F6A1BF6260FE71400300390 /* API */ = {
			isa = PBXGroup;
			children = (
			);
			path = API;
			sourceTree = "<group>";
		};
		6F6A1BF7260FE72500300390 /* Extensions */ = {
			isa = PBXGroup;
			children = (
			);
			path = Extensions;
			sourceTree = "<group>";
		};
/* End PBXGroup section */

/* Begin PBXNativeTarget section */
		6F6A1BB2260FE3BF00300390 /* RandomUser */ = {
			isa = PBXNativeTarget;
			buildConfigurationList = 6F6A1BDD260FE3C200300390 /* Build configuration list for PBXNativeTarget "RandomUser" */;
			buildPhases = (
				6F6A1BAF260FE3BF00300390 /* Sources */,
				6F6A1BB0260FE3BF00300390 /* Frameworks */,
				6F6A1BB1260FE3BF00300390 /* Resources */,
			);
			buildRules = (
			);
			dependencies = (
			);
			name = RandomUser;
			productName = RandomUser;
			productReference = 6F6A1BB3260FE3BF00300390 /* RandomUser.app */;
			productType = "com.apple.product-type.application";
		};
		6F6A1BC8260FE3C200300390 /* RandomUserTests */ = {
			isa = PBXNativeTarget;
			buildConfigurationList = 6F6A1BE0260FE3C200300390 /* Build configuration list for PBXNativeTarget "RandomUserTests" */;
			buildPhases = (
				6F6A1BC5260FE3C200300390 /* Sources */,
				6F6A1BC6260FE3C200300390 /* Frameworks */,
				6F6A1BC7260FE3C200300390 /* Resources */,
			);
			buildRules = (
			);
			dependencies = (
				6F6A1BCB260FE3C200300390 /* PBXTargetDependency */,
			);
			name = RandomUserTests;
			productName = RandomUserTests;
			productReference = 6F6A1BC9260FE3C200300390 /* RandomUserTests.xctest */;
			productType = "com.apple.product-type.bundle.unit-test";
		};
		6F6A1BD3260FE3C200300390 /* RandomUserUITests */ = {
			isa = PBXNativeTarget;
			buildConfigurationList = 6F6A1BE3260FE3C200300390 /* Build configuration list for PBXNativeTarget "RandomUserUITests" */;
			buildPhases = (
				6F6A1BD0260FE3C200300390 /* Sources */,
				6F6A1BD1260FE3C200300390 /* Frameworks */,
				6F6A1BD2260FE3C200300390 /* Resources */,
			);
			buildRules = (
			);
			dependencies = (
				6F6A1BD6260FE3C200300390 /* PBXTargetDependency */,
			);
			name = RandomUserUITests;
			productName = RandomUserUITests;
			productReference = 6F6A1BD4260FE3C200300390 /* RandomUserUITests.xctest */;
			productType = "com.apple.product-type.bundle.ui-testing";
		};
/* End PBXNativeTarget section */

/* Begin PBXProject section */
		6F6A1BAB260FE3BF00300390 /* Project object */ = {
			isa = PBXProject;
			attributes = {
				LastSwiftUpdateCheck = 1240;
				LastUpgradeCheck = 1240;
				TargetAttributes = {
					6F6A1BB2260FE3BF00300390 = {
						CreatedOnToolsVersion = 12.4;
					};
					6F6A1BC8260FE3C200300390 = {
						CreatedOnToolsVersion = 12.4;
						TestTargetID = 6F6A1BB2260FE3BF00300390;
					};
					6F6A1BD3260FE3C200300390 = {
						CreatedOnToolsVersion = 12.4;
						TestTargetID = 6F6A1BB2260FE3BF00300390;
					};
				};
			};
			buildConfigurationList = 6F6A1BAE260FE3BF00300390 /* Build configuration list for PBXProject "RandomUser" */;
			compatibilityVersion = "Xcode 9.3";
			developmentRegion = en;
			hasScannedForEncodings = 0;
			knownRegions = (
				en,
				Base,
			);
			mainGroup = 6F6A1BAA260FE3BF00300390;
			productRefGroup = 6F6A1BB4260FE3BF00300390 /* Products */;
			projectDirPath = "";
			projectRoot = "";
			targets = (
				6F6A1BB2260FE3BF00300390 /* RandomUser */,
				6F6A1BC8260FE3C200300390 /* RandomUserTests */,
				6F6A1BD3260FE3C200300390 /* RandomUserUITests */,
			);
		};
/* End PBXProject section */

/* Begin PBXResourcesBuildPhase section */
		6F6A1BB1260FE3BF00300390 /* Resources */ = {
			isa = PBXResourcesBuildPhase;
			buildActionMask = 2147483647;
			files = (
				6F6A1BC3260FE3C200300390 /* LaunchScreen.storyboard in Resources */,
				6F6A1BC0260FE3C200300390 /* Assets.xcassets in Resources */,
				6F6A1BBE260FE3BF00300390 /* Main.storyboard in Resources */,
			);
			runOnlyForDeploymentPostprocessing = 0;
		};
		6F6A1BC7260FE3C200300390 /* Resources */ = {
			isa = PBXResourcesBuildPhase;
			buildActionMask = 2147483647;
			files = (
			);
			runOnlyForDeploymentPostprocessing = 0;
		};
		6F6A1BD2260FE3C200300390 /* Resources */ = {
			isa = PBXResourcesBuildPhase;
			buildActionMask = 2147483647;
			files = (
			);
			runOnlyForDeploymentPostprocessing = 0;
		};
/* End PBXResourcesBuildPhase section */

/* Begin PBXSourcesBuildPhase section */
		6F6A1BAF260FE3BF00300390 /* Sources */ = {
			isa = PBXSourcesBuildPhase;
			buildActionMask = 2147483647;
			files = (
				6F6A1BBB260FE3BF00300390 /* ViewController.swift in Sources */,
				6F6A1BB7260FE3BF00300390 /* AppDelegate.swift in Sources */,
			);
			runOnlyForDeploymentPostprocessing = 0;
		};
		6F6A1BC5260FE3C200300390 /* Sources */ = {
			isa = PBXSourcesBuildPhase;
			buildActionMask = 2147483647;
			files = (
				6F6A1BCE260FE3C200300390 /* RandomUserTests.swift in Sources */,
			);
			runOnlyForDeploymentPostprocessing = 0;
		};
		6F6A1BD0260FE3C200300390 /* Sources */ = {
			isa = PBXSourcesBuildPhase;
			buildActionMask = 2147483647;
			files = (
				6F6A1BD9260FE3C200300390 /* RandomUserUITests.swift in Sources */,
			);
			runOnlyForDeploymentPostprocessing = 0;
		};
/* End PBXSourcesBuildPhase section */

/* Begin PBXTargetDependency section */
		6F6A1BCB260FE3C200300390 /* PBXTargetDependency */ = {
			isa = PBXTargetDependency;
			target = 6F6A1BB2260FE3BF00300390 /* RandomUser */;
			targetProxy = 6F6A1BCA260FE3C200300390 /* PBXContainerItemProxy */;
		};
		6F6A1BD6260FE3C200300390 /* PBXTargetDependency */ = {
			isa = PBXTargetDependency;
			target = 6F6A1BB2260FE3BF00300390 /* RandomUser */;
			targetProxy = 6F6A1BD5260FE3C200300390 /* PBXContainerItemProxy */;
		};
/* End PBXTargetDependency section */

/* Begin PBXVariantGroup section */
		6F6A1BBC260FE3BF00300390 /* Main.storyboard */ = {
			isa = PBXVariantGroup;
			children = (
				6F6A1BBD260FE3BF00300390 /* Base */,
			);
			name = Main.storyboard;
			sourceTree = "<group>";
		};
		6F6A1BC1260FE3C200300390 /* LaunchScreen.storyboard */ = {
			isa = PBXVariantGroup;
			children = (
				6F6A1BC2260FE3C200300390 /* Base */,
			);
			name = LaunchScreen.storyboard;
			sourceTree = "<group>";
		};
/* End PBXVariantGroup section */

/* Begin XCBuildConfiguration section */
		6F6A1BDB260FE3C200300390 /* Debug */ = {
			isa = XCBuildConfiguration;
			buildSettings = {
				ALWAYS_SEARCH_USER_PATHS = NO;
				CLANG_ANALYZER_NONNULL = YES;
				CLANG_ANALYZER_NUMBER_OBJECT_CONVERSION = YES_AGGRESSIVE;
				CLANG_CXX_LANGUAGE_STANDARD = "gnu++14";
				CLANG_CXX_LIBRARY = "libc++";
				CLANG_ENABLE_MODULES = YES;
				CLANG_ENABLE_OBJC_ARC = YES;
				CLANG_ENABLE_OBJC_WEAK = YES;
				CLANG_WARN_BLOCK_CAPTURE_AUTORELEASING = YES;
				CLANG_WARN_BOOL_CONVERSION = YES;
				CLANG_WARN_COMMA = YES;
				CLANG_WARN_CONSTANT_CONVERSION = YES;
				CLANG_WARN_DEPRECATED_OBJC_IMPLEMENTATIONS = YES;
				CLANG_WARN_DIRECT_OBJC_ISA_USAGE = YES_ERROR;
				CLANG_WARN_DOCUMENTATION_COMMENTS = YES;
				CLANG_WARN_EMPTY_BODY = YES;
				CLANG_WARN_ENUM_CONVERSION = YES;
				CLANG_WARN_INFINITE_RECURSION = YES;
				CLANG_WARN_INT_CONVERSION = YES;
				CLANG_WARN_NON_LITERAL_NULL_CONVERSION = YES;
				CLANG_WARN_OBJC_IMPLICIT_RETAIN_SELF = YES;
				CLANG_WARN_OBJC_LITERAL_CONVERSION = YES;
				CLANG_WARN_OBJC_ROOT_CLASS = YES_ERROR;
				CLANG_WARN_QUOTED_INCLUDE_IN_FRAMEWORK_HEADER = YES;
				CLANG_WARN_RANGE_LOOP_ANALYSIS = YES;
				CLANG_WARN_STRICT_PROTOTYPES = YES;
				CLANG_WARN_SUSPICIOUS_MOVE = YES;
				CLANG_WARN_UNGUARDED_AVAILABILITY = YES_AGGRESSIVE;
				CLANG_WARN_UNREACHABLE_CODE = YES;
				CLANG_WARN__DUPLICATE_METHOD_MATCH = YES;
				COPY_PHASE_STRIP = NO;
				DEBUG_INFORMATION_FORMAT = dwarf;
				ENABLE_STRICT_OBJC_MSGSEND = YES;
				ENABLE_TESTABILITY = YES;
				GCC_C_LANGUAGE_STANDARD = gnu11;
				GCC_DYNAMIC_NO_PIC = NO;
				GCC_NO_COMMON_BLOCKS = YES;
				GCC_OPTIMIZATION_LEVEL = 0;
				GCC_PREPROCESSOR_DEFINITIONS = (
					"DEBUG=1",
					"$(inherited)",
				);
				GCC_WARN_64_TO_32_BIT_CONVERSION = YES;
				GCC_WARN_ABOUT_RETURN_TYPE = YES_ERROR;
				GCC_WARN_UNDECLARED_SELECTOR = YES;
				GCC_WARN_UNINITIALIZED_AUTOS = YES_AGGRESSIVE;
				GCC_WARN_UNUSED_FUNCTION = YES;
				GCC_WARN_UNUSED_VARIABLE = YES;
				IPHONEOS_DEPLOYMENT_TARGET = 14.4;
				MTL_ENABLE_DEBUG_INFO = INCLUDE_SOURCE;
				MTL_FAST_MATH = YES;
				ONLY_ACTIVE_ARCH = YES;
				SDKROOT = iphoneos;
				SWIFT_ACTIVE_COMPILATION_CONDITIONS = DEBUG;
				SWIFT_OPTIMIZATION_LEVEL = "-Onone";
			};
			name = Debug;
		};
		6F6A1BDC260FE3C200300390 /* Release */ = {
			isa = XCBuildConfiguration;
			buildSettings = {
				ALWAYS_SEARCH_USER_PATHS = NO;
				CLANG_ANALYZER_NONNULL = YES;
				CLANG_ANALYZER_NUMBER_OBJECT_CONVERSION = YES_AGGRESSIVE;
				CLANG_CXX_LANGUAGE_STANDARD = "gnu++14";
				CLANG_CXX_LIBRARY = "libc++";
				CLANG_ENABLE_MODULES = YES;
				CLANG_ENABLE_OBJC_ARC = YES;
				CLANG_ENABLE_OBJC_WEAK = YES;
				CLANG_WARN_BLOCK_CAPTURE_AUTORELEASING = YES;
				CLANG_WARN_BOOL_CONVERSION = YES;
				CLANG_WARN_COMMA = YES;
				CLANG_WARN_CONSTANT_CONVERSION = YES;
				CLANG_WARN_DEPRECATED_OBJC_IMPLEMENTATIONS = YES;
				CLANG_WARN_DIRECT_OBJC_ISA_USAGE = YES_ERROR;
				CLANG_WARN_DOCUMENTATION_COMMENTS = YES;
				CLANG_WARN_EMPTY_BODY = YES;
				CLANG_WARN_ENUM_CONVERSION = YES;
				CLANG_WARN_INFINITE_RECURSION = YES;
				CLANG_WARN_INT_CONVERSION = YES;
				CLANG_WARN_NON_LITERAL_NULL_CONVERSION = YES;
				CLANG_WARN_OBJC_IMPLICIT_RETAIN_SELF = YES;
				CLANG_WARN_OBJC_LITERAL_CONVERSION = YES;
				CLANG_WARN_OBJC_ROOT_CLASS = YES_ERROR;
				CLANG_WARN_QUOTED_INCLUDE_IN_FRAMEWORK_HEADER = YES;
				CLANG_WARN_RANGE_LOOP_ANALYSIS = YES;
				CLANG_WARN_STRICT_PROTOTYPES = YES;
				CLANG_WARN_SUSPICIOUS_MOVE = YES;
				CLANG_WARN_UNGUARDED_AVAILABILITY = YES_AGGRESSIVE;
				CLANG_WARN_UNREACHABLE_CODE = YES;
				CLANG_WARN__DUPLICATE_METHOD_MATCH = YES;
				COPY_PHASE_STRIP = NO;
				DEBUG_INFORMATION_FORMAT = "dwarf-with-dsym";
				ENABLE_NS_ASSERTIONS = NO;
				ENABLE_STRICT_OBJC_MSGSEND = YES;
				GCC_C_LANGUAGE_STANDARD = gnu11;
				GCC_NO_COMMON_BLOCKS = YES;
				GCC_WARN_64_TO_32_BIT_CONVERSION = YES;
				GCC_WARN_ABOUT_RETURN_TYPE = YES_ERROR;
				GCC_WARN_UNDECLARED_SELECTOR = YES;
				GCC_WARN_UNINITIALIZED_AUTOS = YES_AGGRESSIVE;
				GCC_WARN_UNUSED_FUNCTION = YES;
				GCC_WARN_UNUSED_VARIABLE = YES;
				IPHONEOS_DEPLOYMENT_TARGET = 14.4;
				MTL_ENABLE_DEBUG_INFO = NO;
				MTL_FAST_MATH = YES;
				SDKROOT = iphoneos;
				SWIFT_COMPILATION_MODE = wholemodule;
				SWIFT_OPTIMIZATION_LEVEL = "-O";
				VALIDATE_PRODUCT = YES;
			};
			name = Release;
		};
		6F6A1BDE260FE3C200300390 /* Debug */ = {
			isa = XCBuildConfiguration;
			buildSettings = {
				ASSETCATALOG_COMPILER_APPICON_NAME = AppIcon;
				ASSETCATALOG_COMPILER_GLOBAL_ACCENT_COLOR_NAME = AccentColor;
				CODE_SIGN_STYLE = Automatic;
				DEVELOPMENT_TEAM = NZ62TX5ZW3;
				INFOPLIST_FILE = RandomUser/Info.plist;
				IPHONEOS_DEPLOYMENT_TARGET = 14.1;
				LD_RUNPATH_SEARCH_PATHS = (
					"$(inherited)",
					"@executable_path/Frameworks",
				);
				PRODUCT_BUNDLE_IDENTIFIER = com.danielsalinas.RandomUser;
				PRODUCT_NAME = "$(TARGET_NAME)";
				SWIFT_VERSION = 5.0;
				TARGETED_DEVICE_FAMILY = "1,2";
			};
			name = Debug;
		};
		6F6A1BDF260FE3C200300390 /* Release */ = {
			isa = XCBuildConfiguration;
			buildSettings = {
				ASSETCATALOG_COMPILER_APPICON_NAME = AppIcon;
				ASSETCATALOG_COMPILER_GLOBAL_ACCENT_COLOR_NAME = AccentColor;
				CODE_SIGN_STYLE = Automatic;
				DEVELOPMENT_TEAM = NZ62TX5ZW3;
				INFOPLIST_FILE = RandomUser/Info.plist;
				IPHONEOS_DEPLOYMENT_TARGET = 14.1;
				LD_RUNPATH_SEARCH_PATHS = (
					"$(inherited)",
					"@executable_path/Frameworks",
				);
				PRODUCT_BUNDLE_IDENTIFIER = com.danielsalinas.RandomUser;
				PRODUCT_NAME = "$(TARGET_NAME)";
				SWIFT_VERSION = 5.0;
				TARGETED_DEVICE_FAMILY = "1,2";
			};
			name = Release;
		};
		6F6A1BE1260FE3C200300390 /* Debug */ = {
			isa = XCBuildConfiguration;
			buildSettings = {
				ALWAYS_EMBED_SWIFT_STANDARD_LIBRARIES = YES;
				BUNDLE_LOADER = "$(TEST_HOST)";
				CODE_SIGN_STYLE = Automatic;
				DEVELOPMENT_TEAM = NZ62TX5ZW3;
				INFOPLIST_FILE = RandomUserTests/Info.plist;
				IPHONEOS_DEPLOYMENT_TARGET = 14.4;
				LD_RUNPATH_SEARCH_PATHS = (
					"$(inherited)",
					"@executable_path/Frameworks",
					"@loader_path/Frameworks",
				);
				PRODUCT_BUNDLE_IDENTIFIER = com.danielsalinas.RandomUserTests;
				PRODUCT_NAME = "$(TARGET_NAME)";
				SWIFT_VERSION = 5.0;
				TARGETED_DEVICE_FAMILY = "1,2";
				TEST_HOST = "$(BUILT_PRODUCTS_DIR)/RandomUser.app/RandomUser";
			};
			name = Debug;
		};
		6F6A1BE2260FE3C200300390 /* Release */ = {
			isa = XCBuildConfiguration;
			buildSettings = {
				ALWAYS_EMBED_SWIFT_STANDARD_LIBRARIES = YES;
				BUNDLE_LOADER = "$(TEST_HOST)";
				CODE_SIGN_STYLE = Automatic;
				DEVELOPMENT_TEAM = NZ62TX5ZW3;
				INFOPLIST_FILE = RandomUserTests/Info.plist;
				IPHONEOS_DEPLOYMENT_TARGET = 14.4;
				LD_RUNPATH_SEARCH_PATHS = (
					"$(inherited)",
					"@executable_path/Frameworks",
					"@loader_path/Frameworks",
				);
				PRODUCT_BUNDLE_IDENTIFIER = com.danielsalinas.RandomUserTests;
				PRODUCT_NAME = "$(TARGET_NAME)";
				SWIFT_VERSION = 5.0;
				TARGETED_DEVICE_FAMILY = "1,2";
				TEST_HOST = "$(BUILT_PRODUCTS_DIR)/RandomUser.app/RandomUser";
			};
			name = Release;
		};
		6F6A1BE4260FE3C200300390 /* Debug */ = {
			isa = XCBuildConfiguration;
			buildSettings = {
				ALWAYS_EMBED_SWIFT_STANDARD_LIBRARIES = YES;
				CODE_SIGN_STYLE = Automatic;
				DEVELOPMENT_TEAM = NZ62TX5ZW3;
				INFOPLIST_FILE = RandomUserUITests/Info.plist;
				LD_RUNPATH_SEARCH_PATHS = (
					"$(inherited)",
					"@executable_path/Frameworks",
					"@loader_path/Frameworks",
				);
				PRODUCT_BUNDLE_IDENTIFIER = com.danielsalinas.RandomUserUITests;
				PRODUCT_NAME = "$(TARGET_NAME)";
				SWIFT_VERSION = 5.0;
				TARGETED_DEVICE_FAMILY = "1,2";
				TEST_TARGET_NAME = RandomUser;
			};
			name = Debug;
		};
		6F6A1BE5260FE3C200300390 /* Release */ = {
			isa = XCBuildConfiguration;
			buildSettings = {
				ALWAYS_EMBED_SWIFT_STANDARD_LIBRARIES = YES;
				CODE_SIGN_STYLE = Automatic;
				DEVELOPMENT_TEAM = NZ62TX5ZW3;
				INFOPLIST_FILE = RandomUserUITests/Info.plist;
				LD_RUNPATH_SEARCH_PATHS = (
					"$(inherited)",
					"@executable_path/Frameworks",
					"@loader_path/Frameworks",
				);
				PRODUCT_BUNDLE_IDENTIFIER = com.danielsalinas.RandomUserUITests;
				PRODUCT_NAME = "$(TARGET_NAME)";
				SWIFT_VERSION = 5.0;
				TARGETED_DEVICE_FAMILY = "1,2";
				TEST_TARGET_NAME = RandomUser;
			};
			name = Release;
		};
/* End XCBuildConfiguration section */

/* Begin XCConfigurationList section */
		6F6A1BAE260FE3BF00300390 /* Build configuration list for PBXProject "RandomUser" */ = {
			isa = XCConfigurationList;
			buildConfigurations = (
				6F6A1BDB260FE3C200300390 /* Debug */,
				6F6A1BDC260FE3C200300390 /* Release */,
			);
			defaultConfigurationIsVisible = 0;
			defaultConfigurationName = Release;
		};
		6F6A1BDD260FE3C200300390 /* Build configuration list for PBXNativeTarget "RandomUser" */ = {
			isa = XCConfigurationList;
			buildConfigurations = (
				6F6A1BDE260FE3C200300390 /* Debug */,
				6F6A1BDF260FE3C200300390 /* Release */,
			);
			defaultConfigurationIsVisible = 0;
			defaultConfigurationName = Release;
		};
		6F6A1BE0260FE3C200300390 /* Build configuration list for PBXNativeTarget "RandomUserTests" */ = {
			isa = XCConfigurationList;
			buildConfigurations = (
				6F6A1BE1260FE3C200300390 /* Debug */,
				6F6A1BE2260FE3C200300390 /* Release */,
			);
			defaultConfigurationIsVisible = 0;
			defaultConfigurationName = Release;
		};
		6F6A1BE3260FE3C200300390 /* Build configuration list for PBXNativeTarget "RandomUserUITests" */ = {
			isa = XCConfigurationList;
			buildConfigurations = (
				6F6A1BE4260FE3C200300390 /* Debug */,
				6F6A1BE5260FE3C200300390 /* Release */,
			);
			defaultConfigurationIsVisible = 0;
			defaultConfigurationName = Release;
		};
/* End XCConfigurationList section */
	};
	rootObject = 6F6A1BAB260FE3BF00300390 /* Project object */;
}
